
Microsoft Visual Studio Solution File, Format Version 12.00
# Visual Studio Version 17
VisualStudioVersion = 17.9.34728.123
MinimumVisualStudioVersion = 10.0.40219.1
Project("{9A19103F-16F7-4668-BE54-9A1E7A4F7556}") = "KindHands.BLL", "KindHands.BLL\KindHands.BLL.csproj", "{F06D7D9D-6CB6-4727-A238-4E94C66F9E04}"
EndProject
Project("{9A19103F-16F7-4668-BE54-9A1E7A4F7556}") = "KindHands.DAL", "KindHands.DAL\KindHands.DAL.csproj", "{CC51592D-39B9-44B6-8CD6-2C36135E06D9}"
EndProject
Project("{FAE04EC0-301F-11D3-BF4B-00C04F79EFBC}") = "KindHands.PL", "KindHands.PL\KindHands.PL.csproj", "{5C0D8EDC-8B3F-4506-8924-B9ACF4EB1F41}"
EndProject
Global
	GlobalSection(SolutionConfigurationPlatforms) = preSolution
		Debug|Any CPU = Debug|Any CPU
		Release|Any CPU = Release|Any CPU
	EndGlobalSection
	GlobalSection(ProjectConfigurationPlatforms) = postSolution
		{F06D7D9D-6CB6-4727-A238-4E94C66F9E04}.Debug|Any CPU.ActiveCfg = Debug|Any CPU
		{F06D7D9D-6CB6-4727-A238-4E94C66F9E04}.Debug|Any CPU.Build.0 = Debug|Any CPU
		{F06D7D9D-6CB6-4727-A238-4E94C66F9E04}.Release|Any CPU.ActiveCfg = Release|Any CPU
		{F06D7D9D-6CB6-4727-A238-4E94C66F9E04}.Release|Any CPU.Build.0 = Release|Any CPU
		{CC51592D-39B9-44B6-8CD6-2C36135E06D9}.Debug|Any CPU.ActiveCfg = Debug|Any CPU
		{CC51592D-39B9-44B6-8CD6-2C36135E06D9}.Debug|Any CPU.Build.0 = Debug|Any CPU
		{CC51592D-39B9-44B6-8CD6-2C36135E06D9}.Release|Any CPU.ActiveCfg = Release|Any CPU
		{CC51592D-39B9-44B6-8CD6-2C36135E06D9}.Release|Any CPU.Build.0 = Release|Any CPU
		{5C0D8EDC-8B3F-4506-8924-B9ACF4EB1F41}.Debug|Any CPU.ActiveCfg = Debug|Any CPU
		{5C0D8EDC-8B3F-4506-8924-B9ACF4EB1F41}.Debug|Any CPU.Build.0 = Debug|Any CPU
		{5C0D8EDC-8B3F-4506-8924-B9ACF4EB1F41}.Release|Any CPU.ActiveCfg = Release|Any CPU
		{5C0D8EDC-8B3F-4506-8924-B9ACF4EB1F41}.Release|Any CPU.Build.0 = Release|Any CPU
	EndGlobalSection
	GlobalSection(SolutionProperties) = preSolution
		HideSolutionNode = FALSE
	EndGlobalSection
	GlobalSection(ExtensibilityGlobals) = postSolution
		SolutionGuid = {9EB55247-5632-4AD1-85F7-7BFF04FC2E00}
	EndGlobalSection
EndGlobal
